// !$*UTF8*$!
{
	archiveVersion = 1;
	classes = {
	};
	objectVersion = 50;
	objects = {

/* Begin PBXBuildFile section */
		6160F57023F1757700ED5603 /* AppDelegate.swift in Sources */ = {isa = PBXBuildFile; fileRef = 6160F56F23F1757700ED5603 /* AppDelegate.swift */; };
		6160F57223F1757700ED5603 /* SceneDelegate.swift in Sources */ = {isa = PBXBuildFile; fileRef = 6160F57123F1757700ED5603 /* SceneDelegate.swift */; };
		6160F57423F1757700ED5603 /* ViewController.swift in Sources */ = {isa = PBXBuildFile; fileRef = 6160F57323F1757700ED5603 /* ViewController.swift */; };
		6160F57723F1757700ED5603 /* Main.storyboard in Resources */ = {isa = PBXBuildFile; fileRef = 6160F57523F1757700ED5603 /* Main.storyboard */; };
		6160F57923F1757A00ED5603 /* Assets.xcassets in Resources */ = {isa = PBXBuildFile; fileRef = 6160F57823F1757A00ED5603 /* Assets.xcassets */; };
		6160F57C23F1757A00ED5603 /* LaunchScreen.storyboard in Resources */ = {isa = PBXBuildFile; fileRef = 6160F57A23F1757A00ED5603 /* LaunchScreen.storyboard */; };
		6160F58423F179B000ED5603 /* SignUpViewController.swift in Sources */ = {isa = PBXBuildFile; fileRef = 6160F58323F179B000ED5603 /* SignUpViewController.swift */; };
		6160F58623F179D400ED5603 /* LoginViewController.swift in Sources */ = {isa = PBXBuildFile; fileRef = 6160F58523F179D400ED5603 /* LoginViewController.swift */; };
		6160F58823F179EB00ED5603 /* HomeViewController.swift in Sources */ = {isa = PBXBuildFile; fileRef = 6160F58723F179EB00ED5603 /* HomeViewController.swift */; };
		6160F58C23F1970500ED5603 /* Utilities.swift in Sources */ = {isa = PBXBuildFile; fileRef = 6160F58B23F1970500ED5603 /* Utilities.swift */; };
/* End PBXBuildFile section */

/* Begin PBXFileReference section */
		6160F56C23F1757700ED5603 /* LoginAppS.app */ = {isa = PBXFileReference; explicitFileType = wrapper.application; includeInIndex = 0; path = LoginAppS.app; sourceTree = BUILT_PRODUCTS_DIR; };
		6160F56F23F1757700ED5603 /* AppDelegate.swift */ = {isa = PBXFileReference; lastKnownFileType = sourcecode.swift; path = AppDelegate.swift; sourceTree = "<group>"; };
		6160F57123F1757700ED5603 /* SceneDelegate.swift */ = {isa = PBXFileReference; lastKnownFileType = sourcecode.swift; path = SceneDelegate.swift; sourceTree = "<group>"; };
		6160F57323F1757700ED5603 /* ViewController.swift */ = {isa = PBXFileReference; lastKnownFileType = sourcecode.swift; path = ViewController.swift; sourceTree = "<group>"; };
		6160F57623F1757700ED5603 /* Base */ = {isa = PBXFileReference; lastKnownFileType = file.storyboard; name = Base; path = Base.lproj/Main.storyboard; sourceTree = "<group>"; };
		6160F57823F1757A00ED5603 /* Assets.xcassets */ = {isa = PBXFileReference; lastKnownFileType = folder.assetcatalog; path = Assets.xcassets; sourceTree = "<group>"; };
		6160F57B23F1757A00ED5603 /* Base */ = {isa = PBXFileReference; lastKnownFileType = file.storyboard; name = Base; path = Base.lproj/LaunchScreen.storyboard; sourceTree = "<group>"; };
		6160F57D23F1757A00ED5603 /* Info.plist */ = {isa = PBXFileReference; lastKnownFileType = text.plist.xml; path = Info.plist; sourceTree = "<group>"; };
		6160F58323F179B000ED5603 /* SignUpViewController.swift */ = {isa = PBXFileReference; lastKnownFileType = sourcecode.swift; path = SignUpViewController.swift; sourceTree = "<group>"; };
		6160F58523F179D400ED5603 /* LoginViewController.swift */ = {isa = PBXFileReference; lastKnownFileType = sourcecode.swift; path = LoginViewController.swift; sourceTree = "<group>"; };
		6160F58723F179EB00ED5603 /* HomeViewController.swift */ = {isa = PBXFileReference; lastKnownFileType = sourcecode.swift; path = HomeViewController.swift; sourceTree = "<group>"; };
		6160F58B23F1970500ED5603 /* Utilities.swift */ = {isa = PBXFileReference; lastKnownFileType = sourcecode.swift; path = Utilities.swift; sourceTree = "<group>"; };
/* End PBXFileReference section */

/* Begin PBXFrameworksBuildPhase section */
		6160F56923F1757700ED5603 /* Frameworks */ = {
			isa = PBXFrameworksBuildPhase;
			buildActionMask = 2147483647;
			files = (
			);
			runOnlyForDeploymentPostprocessing = 0;
		};
/* End PBXFrameworksBuildPhase section */

/* Begin PBXGroup section */
		6160F56323F1757700ED5603 = {
			isa = PBXGroup;
			children = (
				6160F56E23F1757700ED5603 /* LoginAppS */,
				6160F56D23F1757700ED5603 /* Products */,
			);
			sourceTree = "<group>";
		};
		6160F56D23F1757700ED5603 /* Products */ = {
			isa = PBXGroup;
			children = (
				6160F56C23F1757700ED5603 /* LoginAppS.app */,
			);
			name = Products;
			sourceTree = "<group>";
		};
		6160F56E23F1757700ED5603 /* LoginAppS */ = {
			isa = PBXGroup;
			children = (
				6160F58A23F196BD00ED5603 /* Helpers */,
				6160F58923F17B2800ED5603 /* ViewController */,
				6160F56F23F1757700ED5603 /* AppDelegate.swift */,
				6160F57123F1757700ED5603 /* SceneDelegate.swift */,
				6160F57523F1757700ED5603 /* Main.storyboard */,
				6160F57823F1757A00ED5603 /* Assets.xcassets */,
				6160F57A23F1757A00ED5603 /* LaunchScreen.storyboard */,
				6160F57D23F1757A00ED5603 /* Info.plist */,
			);
			path = LoginAppS;
			sourceTree = "<group>";
		};
		6160F58923F17B2800ED5603 /* ViewController */ = {
			isa = PBXGroup;
			children = (
				6160F57323F1757700ED5603 /* ViewController.swift */,
				6160F58723F179EB00ED5603 /* HomeViewController.swift */,
				6160F58523F179D400ED5603 /* LoginViewController.swift */,
				6160F58323F179B000ED5603 /* SignUpViewController.swift */,
			);
			path = ViewController;
			sourceTree = "<group>";
		};
		6160F58A23F196BD00ED5603 /* Helpers */ = {
			isa = PBXGroup;
			children = (
				6160F58B23F1970500ED5603 /* Utilities.swift */,
			);
			path = Helpers;
			sourceTree = "<group>";
		};
/* End PBXGroup section */

/* Begin PBXNativeTarget section */
		6160F56B23F1757700ED5603 /* LoginAppS */ = {
			isa = PBXNativeTarget;
			buildConfigurationList = 6160F58023F1757A00ED5603 /* Build configuration list for PBXNativeTarget "LoginAppS" */;
			buildPhases = (
				6160F56823F1757700ED5603 /* Sources */,
				6160F56923F1757700ED5603 /* Frameworks */,
				6160F56A23F1757700ED5603 /* Resources */,
			);
			buildRules = (
			);
			dependencies = (
			);
			name = LoginAppS;
			productName = LoginAppS;
			productReference = 6160F56C23F1757700ED5603 /* LoginAppS.app */;
			productType = "com.apple.product-type.application";
		};
/* End PBXNativeTarget section */

/* Begin PBXProject section */
		6160F56423F1757700ED5603 /* Project object */ = {
			isa = PBXProject;
			attributes = {
				LastSwiftUpdateCheck = 1130;
				LastUpgradeCheck = 1130;
				ORGANIZATIONNAME = "Alejandra Casuscelli";
				TargetAttributes = {
					6160F56B23F1757700ED5603 = {
						CreatedOnToolsVersion = 11.3.1;
					};
				};
			};
			buildConfigurationList = 6160F56723F1757700ED5603 /* Build configuration list for PBXProject "LoginAppS" */;
			compatibilityVersion = "Xcode 9.3";
			developmentRegion = en;
			hasScannedForEncodings = 0;
			knownRegions = (
				en,
				Base,
			);
			mainGroup = 6160F56323F1757700ED5603;
			productRefGroup = 6160F56D23F1757700ED5603 /* Products */;
			projectDirPath = "";
			projectRoot = "";
			targets = (
				6160F56B23F1757700ED5603 /* LoginAppS */,
			);
		};
/* End PBXProject section */

/* Begin PBXResourcesBuildPhase section */
		6160F56A23F1757700ED5603 /* Resources */ = {
			isa = PBXResourcesBuildPhase;
			buildActionMask = 2147483647;
			files = (
				6160F57C23F1757A00ED5603 /* LaunchScreen.storyboard in Resources */,
				6160F57923F1757A00ED5603 /* Assets.xcassets in Resources */,
				6160F57723F1757700ED5603 /* Main.storyboard in Resources */,
			);
			runOnlyForDeploymentPostprocessing = 0;
		};
/* End PBXResourcesBuildPhase section */

/* Begin PBXSourcesBuildPhase section */
		6160F56823F1757700ED5603 /* Sources */ = {
			isa = PBXSourcesBuildPhase;
			buildActionMask = 2147483647;
			files = (
				6160F57423F1757700ED5603 /* ViewController.swift in Sources */,
				6160F57023F1757700ED5603 /* AppDelegate.swift in Sources */,
				6160F58C23F1970500ED5603 /* Utilities.swift in Sources */,
				6160F58423F179B000ED5603 /* SignUpViewController.swift in Sources */,
				6160F58623F179D400ED5603 /* LoginViewController.swift in Sources */,
				6160F57223F1757700ED5603 /* SceneDelegate.swift in Sources */,
				6160F58823F179EB00ED5603 /* HomeViewController.swift in Sources */,
			);
			runOnlyForDeploymentPostprocessing = 0;
		};
/* End PBXSourcesBuildPhase section */

/* Begin PBXVariantGroup section */
		6160F57523F1757700ED5603 /* Main.storyboard */ = {
			isa = PBXVariantGroup;
			children = (
				6160F57623F1757700ED5603 /* Base */,
			);
			name = Main.storyboard;
			sourceTree = "<group>";
		};
		6160F57A23F1757A00ED5603 /* LaunchScreen.storyboard */ = {
			isa = PBXVariantGroup;
			children = (
				6160F57B23F1757A00ED5603 /* Base */,
			);
			name = LaunchScreen.storyboard;
			sourceTree = "<group>";
		};
/* End PBXVariantGroup section */

/* Begin XCBuildConfiguration section */
		6160F57E23F1757A00ED5603 /* Debug */ = {
			isa = XCBuildConfiguration;
			buildSettings = {
				ALWAYS_SEARCH_USER_PATHS = NO;
				CLANG_ANALYZER_NONNULL = YES;
				CLANG_ANALYZER_NUMBER_OBJECT_CONVERSION = YES_AGGRESSIVE;
				CLANG_CXX_LANGUAGE_STANDARD = "gnu++14";
				CLANG_CXX_LIBRARY = "libc++";
				CLANG_ENABLE_MODULES = YES;
				CLANG_ENABLE_OBJC_ARC = YES;
				CLANG_ENABLE_OBJC_WEAK = YES;
				CLANG_WARN_BLOCK_CAPTURE_AUTORELEASING = YES;
				CLANG_WARN_BOOL_CONVERSION = YES;
				CLANG_WARN_COMMA = YES;
				CLANG_WARN_CONSTANT_CONVERSION = YES;
				CLANG_WARN_DEPRECATED_OBJC_IMPLEMENTATIONS = YES;
				CLANG_WARN_DIRECT_OBJC_ISA_USAGE = YES_ERROR;
				CLANG_WARN_DOCUMENTATION_COMMENTS = YES;
				CLANG_WARN_EMPTY_BODY = YES;
				CLANG_WARN_ENUM_CONVERSION = YES;
				CLANG_WARN_INFINITE_RECURSION = YES;
				CLANG_WARN_INT_CONVERSION = YES;
				CLANG_WARN_NON_LITERAL_NULL_CONVERSION = YES;
				CLANG_WARN_OBJC_IMPLICIT_RETAIN_SELF = YES;
				CLANG_WARN_OBJC_LITERAL_CONVERSION = YES;
				CLANG_WARN_OBJC_ROOT_CLASS = YES_ERROR;
				CLANG_WARN_RANGE_LOOP_ANALYSIS = YES;
				CLANG_WARN_STRICT_PROTOTYPES = YES;
				CLANG_WARN_SUSPICIOUS_MOVE = YES;
				CLANG_WARN_UNGUARDED_AVAILABILITY = YES_AGGRESSIVE;
				CLANG_WARN_UNREACHABLE_CODE = YES;
				CLANG_WARN__DUPLICATE_METHOD_MATCH = YES;
				COPY_PHASE_STRIP = NO;
				DEBUG_INFORMATION_FORMAT = dwarf;
				ENABLE_STRICT_OBJC_MSGSEND = YES;
				ENABLE_TESTABILITY = YES;
				GCC_C_LANGUAGE_STANDARD = gnu11;
				GCC_DYNAMIC_NO_PIC = NO;
				GCC_NO_COMMON_BLOCKS = YES;
				GCC_OPTIMIZATION_LEVEL = 0;
				GCC_PREPROCESSOR_DEFINITIONS = (
					"DEBUG=1",
					"$(inherited)",
				);
				GCC_WARN_64_TO_32_BIT_CONVERSION = YES;
				GCC_WARN_ABOUT_RETURN_TYPE = YES_ERROR;
				GCC_WARN_UNDECLARED_SELECTOR = YES;
				GCC_WARN_UNINITIALIZED_AUTOS = YES_AGGRESSIVE;
				GCC_WARN_UNUSED_FUNCTION = YES;
				GCC_WARN_UNUSED_VARIABLE = YES;
				IPHONEOS_DEPLOYMENT_TARGET = 13.2;
				MTL_ENABLE_DEBUG_INFO = INCLUDE_SOURCE;
				MTL_FAST_MATH = YES;
				ONLY_ACTIVE_ARCH = YES;
				SDKROOT = iphoneos;
				SWIFT_ACTIVE_COMPILATION_CONDITIONS = DEBUG;
				SWIFT_OPTIMIZATION_LEVEL = "-Onone";
			};
			name = Debug;
		};
		6160F57F23F1757A00ED5603 /* Release */ = {
			isa = XCBuildConfiguration;
			buildSettings = {
				ALWAYS_SEARCH_USER_PATHS = NO;
				CLANG_ANALYZER_NONNULL = YES;
				CLANG_ANALYZER_NUMBER_OBJECT_CONVERSION = YES_AGGRESSIVE;
				CLANG_CXX_LANGUAGE_STANDARD = "gnu++14";
				CLANG_CXX_LIBRARY = "libc++";
				CLANG_ENABLE_MODULES = YES;
				CLANG_ENABLE_OBJC_ARC = YES;
				CLANG_ENABLE_OBJC_WEAK = YES;
				CLANG_WARN_BLOCK_CAPTURE_AUTORELEASING = YES;
				CLANG_WARN_BOOL_CONVERSION = YES;
				CLANG_WARN_COMMA = YES;
				CLANG_WARN_CONSTANT_CONVERSION = YES;
				CLANG_WARN_DEPRECATED_OBJC_IMPLEMENTATIONS = YES;
				CLANG_WARN_DIRECT_OBJC_ISA_USAGE = YES_ERROR;
				CLANG_WARN_DOCUMENTATION_COMMENTS = YES;
				CLANG_WARN_EMPTY_BODY = YES;
				CLANG_WARN_ENUM_CONVERSION = YES;
				CLANG_WARN_INFINITE_RECURSION = YES;
				CLANG_WARN_INT_CONVERSION = YES;
				CLANG_WARN_NON_LITERAL_NULL_CONVERSION = YES;
				CLANG_WARN_OBJC_IMPLICIT_RETAIN_SELF = YES;
				CLANG_WARN_OBJC_LITERAL_CONVERSION = YES;
				CLANG_WARN_OBJC_ROOT_CLASS = YES_ERROR;
				CLANG_WARN_RANGE_LOOP_ANALYSIS = YES;
				CLANG_WARN_STRICT_PROTOTYPES = YES;
				CLANG_WARN_SUSPICIOUS_MOVE = YES;
				CLANG_WARN_UNGUARDED_AVAILABILITY = YES_AGGRESSIVE;
				CLANG_WARN_UNREACHABLE_CODE = YES;
				CLANG_WARN__DUPLICATE_METHOD_MATCH = YES;
				COPY_PHASE_STRIP = NO;
				DEBUG_INFORMATION_FORMAT = "dwarf-with-dsym";
				ENABLE_NS_ASSERTIONS = NO;
				ENABLE_STRICT_OBJC_MSGSEND = YES;
				GCC_C_LANGUAGE_STANDARD = gnu11;
				GCC_NO_COMMON_BLOCKS = YES;
				GCC_WARN_64_TO_32_BIT_CONVERSION = YES;
				GCC_WARN_ABOUT_RETURN_TYPE = YES_ERROR;
				GCC_WARN_UNDECLARED_SELECTOR = YES;
				GCC_WARN_UNINITIALIZED_AUTOS = YES_AGGRESSIVE;
				GCC_WARN_UNUSED_FUNCTION = YES;
				GCC_WARN_UNUSED_VARIABLE = YES;
				IPHONEOS_DEPLOYMENT_TARGET = 13.2;
				MTL_ENABLE_DEBUG_INFO = NO;
				MTL_FAST_MATH = YES;
				SDKROOT = iphoneos;
				SWIFT_COMPILATION_MODE = wholemodule;
				SWIFT_OPTIMIZATION_LEVEL = "-O";
				VALIDATE_PRODUCT = YES;
			};
			name = Release;
		};
		6160F58123F1757A00ED5603 /* Debug */ = {
			isa = XCBuildConfiguration;
			buildSettings = {
				ASSETCATALOG_COMPILER_APPICON_NAME = AppIcon;
				CODE_SIGN_STYLE = Automatic;
				INFOPLIST_FILE = LoginAppS/Info.plist;
				LD_RUNPATH_SEARCH_PATHS = (
					"$(inherited)",
					"@executable_path/Frameworks",
				);
				PRODUCT_BUNDLE_IDENTIFIER = login.apptest.LoginAppS;
				PRODUCT_NAME = "$(TARGET_NAME)";
				SWIFT_VERSION = 5.0;
				TARGETED_DEVICE_FAMILY = "1,2";
			};
			name = Debug;
		};
		6160F58223F1757A00ED5603 /* Release */ = {
			isa = XCBuildConfiguration;
			buildSettings = {
				ASSETCATALOG_COMPILER_APPICON_NAME = AppIcon;
				CODE_SIGN_STYLE = Automatic;
				INFOPLIST_FILE = LoginAppS/Info.plist;
				LD_RUNPATH_SEARCH_PATHS = (
					"$(inherited)",
					"@executable_path/Frameworks",
				);
				PRODUCT_BUNDLE_IDENTIFIER = login.apptest.LoginAppS;
				PRODUCT_NAME = "$(TARGET_NAME)";
				SWIFT_VERSION = 5.0;
				TARGETED_DEVICE_FAMILY = "1,2";
			};
			name = Release;
		};
/* End XCBuildConfiguration section */

/* Begin XCConfigurationList section */
		6160F56723F1757700ED5603 /* Build configuration list for PBXProject "LoginAppS" */ = {
			isa = XCConfigurationList;
			buildConfigurations = (
				6160F57E23F1757A00ED5603 /* Debug */,
				6160F57F23F1757A00ED5603 /* Release */,
			);
			defaultConfigurationIsVisible = 0;
			defaultConfigurationName = Release;
		};
		6160F58023F1757A00ED5603 /* Build configuration list for PBXNativeTarget "LoginAppS" */ = {
			isa = XCConfigurationList;
			buildConfigurations = (
				6160F58123F1757A00ED5603 /* Debug */,
				6160F58223F1757A00ED5603 /* Release */,
			);
			defaultConfigurationIsVisible = 0;
			defaultConfigurationName = Release;
		};
/* End XCConfigurationList section */
	};
	rootObject = 6160F56423F1757700ED5603 /* Project object */;
}
